// !$*UTF8*$!
{
	archiveVersion = 1;
	classes = {
	};
	objectVersion = 77;
	objects = {

/* Begin PBXBuildFile section */
		2B94D89E99BF778786541985 /* CameraDiscovery.swift in Sources */ = {isa = PBXBuildFile; fileRef = 13FD5F6AA2A9F190645BC410 /* CameraDiscovery.swift */; };
		35840CA68E0154498A897B36 /* M10Kit in Frameworks */ = {isa = PBXBuildFile; productRef = CBAAF4EA49EE2163EF8472BD /* M10Kit */; };
		5BD51B2302173ADBAA243A0F /* M10AppTests.swift in Sources */ = {isa = PBXBuildFile; fileRef = F6110733BC1B6E8BDCC97E1C /* M10AppTests.swift */; };
		6732A9CB10E7A49483B68565 /* BrowserView.swift in Sources */ = {isa = PBXBuildFile; fileRef = FA63CCA91F743E3202BE7DED /* BrowserView.swift */; };
		7AE90D711FDD17DAA21E6A2D /* ConnectView.swift in Sources */ = {isa = PBXBuildFile; fileRef = F456838FDDC743596DBBAF75 /* ConnectView.swift */; };
		C7546E71AA2B77415C34A327 /* AppState.swift in Sources */ = {isa = PBXBuildFile; fileRef = 9C29D1B3F3C69166D5979BB1 /* AppState.swift */; };
		DD58A5EEC227BF4A3E263CE1 /* M10AppApp.swift in Sources */ = {isa = PBXBuildFile; fileRef = 1BA8091E673757F44D1818E0 /* M10AppApp.swift */; };
/* End PBXBuildFile section */

/* Begin PBXContainerItemProxy section */
		9311081A70B572198F49D228 /* PBXContainerItemProxy */ = {
			isa = PBXContainerItemProxy;
			containerPortal = D4BD6937DF089846D57AB5D4 /* Project object */;
			proxyType = 1;
			remoteGlobalIDString = AD50896481EEC98FF5D26626;
			remoteInfo = M10App;
		};
/* End PBXContainerItemProxy section */

/* Begin PBXFileReference section */
		0E5DC1FEDCA4523FCA2B9470 /* Info.plist */ = {isa = PBXFileReference; lastKnownFileType = text.plist; path = Info.plist; sourceTree = "<group>"; };
		13FD5F6AA2A9F190645BC410 /* CameraDiscovery.swift */ = {isa = PBXFileReference; lastKnownFileType = sourcecode.swift; path = CameraDiscovery.swift; sourceTree = "<group>"; };
		1BA8091E673757F44D1818E0 /* M10AppApp.swift */ = {isa = PBXFileReference; lastKnownFileType = sourcecode.swift; path = M10AppApp.swift; sourceTree = "<group>"; };
		205CC9101A80A8A68BA392F2 /* M10AppTests.xctest */ = {isa = PBXFileReference; explicitFileType = wrapper.cfbundle; includeInIndex = 0; path = M10AppTests.xctest; sourceTree = BUILT_PRODUCTS_DIR; };
		3B0813D914F164FC162ACFAA /* M10Kit */ = {isa = PBXFileReference; lastKnownFileType = folder; name = M10Kit; path = ../M10Kit; sourceTree = SOURCE_ROOT; };
		689D66AE095F192127374FA1 /* M10App.app */ = {isa = PBXFileReference; explicitFileType = wrapper.application; includeInIndex = 0; path = M10App.app; sourceTree = BUILT_PRODUCTS_DIR; };
		9C29D1B3F3C69166D5979BB1 /* AppState.swift */ = {isa = PBXFileReference; lastKnownFileType = sourcecode.swift; path = AppState.swift; sourceTree = "<group>"; };
		F456838FDDC743596DBBAF75 /* ConnectView.swift */ = {isa = PBXFileReference; lastKnownFileType = sourcecode.swift; path = ConnectView.swift; sourceTree = "<group>"; };
		F6110733BC1B6E8BDCC97E1C /* M10AppTests.swift */ = {isa = PBXFileReference; lastKnownFileType = sourcecode.swift; path = M10AppTests.swift; sourceTree = "<group>"; };
		FA63CCA91F743E3202BE7DED /* BrowserView.swift */ = {isa = PBXFileReference; lastKnownFileType = sourcecode.swift; path = BrowserView.swift; sourceTree = "<group>"; };
/* End PBXFileReference section */

/* Begin PBXFrameworksBuildPhase section */
		6BC7B80069149FC899E1E2C0 /* Frameworks */ = {
			isa = PBXFrameworksBuildPhase;
			buildActionMask = 2147483647;
			files = (
				35840CA68E0154498A897B36 /* M10Kit in Frameworks */,
			);
			runOnlyForDeploymentPostprocessing = 0;
		};
/* End PBXFrameworksBuildPhase section */

/* Begin PBXGroup section */
		677552617B7910A9521B6694 /* Packages */ = {
			isa = PBXGroup;
			children = (
				3B0813D914F164FC162ACFAA /* M10Kit */,
			);
			name = Packages;
			sourceTree = "<group>";
		};
		690C74EC0FE81E76A259006B /* M10AppTests */ = {
			isa = PBXGroup;
			children = (
				F6110733BC1B6E8BDCC97E1C /* M10AppTests.swift */,
			);
			path = M10AppTests;
			sourceTree = "<group>";
		};
		AD96C9FF358B0C58628B7DA6 /* M10App */ = {
			isa = PBXGroup;
			children = (
				9C29D1B3F3C69166D5979BB1 /* AppState.swift */,
				FA63CCA91F743E3202BE7DED /* BrowserView.swift */,
				13FD5F6AA2A9F190645BC410 /* CameraDiscovery.swift */,
				F456838FDDC743596DBBAF75 /* ConnectView.swift */,
				0E5DC1FEDCA4523FCA2B9470 /* Info.plist */,
				1BA8091E673757F44D1818E0 /* M10AppApp.swift */,
			);
			path = M10App;
			sourceTree = "<group>";
		};
		D782F1181F64A39A051A2CA4 = {
			isa = PBXGroup;
			children = (
				AD96C9FF358B0C58628B7DA6 /* M10App */,
				690C74EC0FE81E76A259006B /* M10AppTests */,
				677552617B7910A9521B6694 /* Packages */,
				FF6503097CD5A9706454B1E3 /* Products */,
			);
			sourceTree = "<group>";
		};
		FF6503097CD5A9706454B1E3 /* Products */ = {
			isa = PBXGroup;
			children = (
				689D66AE095F192127374FA1 /* M10App.app */,
				205CC9101A80A8A68BA392F2 /* M10AppTests.xctest */,
			);
			name = Products;
			sourceTree = "<group>";
		};
/* End PBXGroup section */

/* Begin PBXNativeTarget section */
		47069DD98CAF48C24AA82604 /* M10AppTests */ = {
			isa = PBXNativeTarget;
			buildConfigurationList = B78EB08A81312A929DDA8D95 /* Build configuration list for PBXNativeTarget "M10AppTests" */;
			buildPhases = (
				63E915D2FE62405684C56E83 /* Sources */,
			);
			buildRules = (
			);
			dependencies = (
				73AFAD08D70DA2A36247275D /* PBXTargetDependency */,
			);
			name = M10AppTests;
			packageProductDependencies = (
			);
			productName = M10AppTests;
			productReference = 205CC9101A80A8A68BA392F2 /* M10AppTests.xctest */;
			productType = "com.apple.product-type.bundle.unit-test";
		};
		AD50896481EEC98FF5D26626 /* M10App */ = {
			isa = PBXNativeTarget;
			buildConfigurationList = 51A9FD83E80522115B2F223E /* Build configuration list for PBXNativeTarget "M10App" */;
			buildPhases = (
				05764E75A8CE627EF859584A /* Sources */,
				6BC7B80069149FC899E1E2C0 /* Frameworks */,
			);
			buildRules = (
			);
			dependencies = (
			);
			name = M10App;
			packageProductDependencies = (
				CBAAF4EA49EE2163EF8472BD /* M10Kit */,
			);
			productName = M10App;
			productReference = 689D66AE095F192127374FA1 /* M10App.app */;
			productType = "com.apple.product-type.application";
		};
/* End PBXNativeTarget section */

/* Begin PBXProject section */
		D4BD6937DF089846D57AB5D4 /* Project object */ = {
			isa = PBXProject;
			attributes = {
				BuildIndependentTargetsInParallel = YES;
				LastUpgradeCheck = 1430;
				TargetAttributes = {
					AD50896481EEC98FF5D26626 = {
						ProvisioningStyle = Automatic;
					};
				};
			};
			buildConfigurationList = B3CB339B687CAC269E2D8A79 /* Build configuration list for PBXProject "M10App" */;
			developmentRegion = en;
			hasScannedForEncodings = 0;
			knownRegions = (
				Base,
				en,
			);
			mainGroup = D782F1181F64A39A051A2CA4;
			minimizedProjectReferenceProxies = 1;
			packageReferences = (
				A91F32DB6B6AAC364D225042 /* XCLocalSwiftPackageReference "../M10Kit" */,
			);
			preferredProjectObjectVersion = 77;
			productRefGroup = FF6503097CD5A9706454B1E3 /* Products */;
			projectDirPath = "";
			projectRoot = "";
			targets = (
				AD50896481EEC98FF5D26626 /* M10App */,
				47069DD98CAF48C24AA82604 /* M10AppTests */,
			);
		};
/* End PBXProject section */

/* Begin PBXSourcesBuildPhase section */
		05764E75A8CE627EF859584A /* Sources */ = {
			isa = PBXSourcesBuildPhase;
			buildActionMask = 2147483647;
			files = (
				C7546E71AA2B77415C34A327 /* AppState.swift in Sources */,
				6732A9CB10E7A49483B68565 /* BrowserView.swift in Sources */,
				2B94D89E99BF778786541985 /* CameraDiscovery.swift in Sources */,
				7AE90D711FDD17DAA21E6A2D /* ConnectView.swift in Sources */,
				DD58A5EEC227BF4A3E263CE1 /* M10AppApp.swift in Sources */,
			);
			runOnlyForDeploymentPostprocessing = 0;
		};
		63E915D2FE62405684C56E83 /* Sources */ = {
			isa = PBXSourcesBuildPhase;
			buildActionMask = 2147483647;
			files = (
				5BD51B2302173ADBAA243A0F /* M10AppTests.swift in Sources */,
			);
			runOnlyForDeploymentPostprocessing = 0;
		};
/* End PBXSourcesBuildPhase section */

/* Begin PBXTargetDependency section */
		73AFAD08D70DA2A36247275D /* PBXTargetDependency */ = {
			isa = PBXTargetDependency;
			target = AD50896481EEC98FF5D26626 /* M10App */;
			targetProxy = 9311081A70B572198F49D228 /* PBXContainerItemProxy */;
		};
/* End PBXTargetDependency section */

/* Begin XCBuildConfiguration section */
		09963F3B8C4B72C52DA4D566 /* Release */ = {
			isa = XCBuildConfiguration;
			buildSettings = {
				BUNDLE_LOADER = "$(TEST_HOST)";
				DEVELOPMENT_TEAM = NY422J2AAW;
				GENERATE_INFOPLIST_FILE = YES;
				LD_RUNPATH_SEARCH_PATHS = (
					"$(inherited)",
					"@executable_path/Frameworks",
					"@loader_path/Frameworks",
				);
				PRODUCT_BUNDLE_IDENTIFIER = com.glmfunk.M10AppTests;
				SDKROOT = iphoneos;
				TARGETED_DEVICE_FAMILY = "1,2";
				TEST_HOST = "$(BUILT_PRODUCTS_DIR)/M10App.app/M10App";
			};
			name = Release;
		};
		20F75BF89DDB9E186C9CD849 /* Debug */ = {
			isa = XCBuildConfiguration;
			buildSettings = {
				ALWAYS_SEARCH_USER_PATHS = NO;
				CLANG_ANALYZER_NONNULL = YES;
				CLANG_ANALYZER_NUMBER_OBJECT_CONVERSION = YES_AGGRESSIVE;
				CLANG_CXX_LANGUAGE_STANDARD = "gnu++14";
				CLANG_CXX_LIBRARY = "libc++";
				CLANG_ENABLE_MODULES = YES;
				CLANG_ENABLE_OBJC_ARC = YES;
				CLANG_ENABLE_OBJC_WEAK = YES;
				CLANG_WARN_BLOCK_CAPTURE_AUTORELEASING = YES;
				CLANG_WARN_BOOL_CONVERSION = YES;
				CLANG_WARN_COMMA = YES;
				CLANG_WARN_CONSTANT_CONVERSION = YES;
				CLANG_WARN_DEPRECATED_OBJC_IMPLEMENTATIONS = YES;
				CLANG_WARN_DIRECT_OBJC_ISA_USAGE = YES_ERROR;
				CLANG_WARN_DOCUMENTATION_COMMENTS = YES;
				CLANG_WARN_EMPTY_BODY = YES;
				CLANG_WARN_ENUM_CONVERSION = YES;
				CLANG_WARN_INFINITE_RECURSION = YES;
				CLANG_WARN_INT_CONVERSION = YES;
				CLANG_WARN_NON_LITERAL_NULL_CONVERSION = YES;
				CLANG_WARN_OBJC_IMPLICIT_RETAIN_SELF = YES;
				CLANG_WARN_OBJC_LITERAL_CONVERSION = YES;
				CLANG_WARN_OBJC_ROOT_CLASS = YES_ERROR;
				CLANG_WARN_QUOTED_INCLUDE_IN_FRAMEWORK_HEADER = YES;
				CLANG_WARN_RANGE_LOOP_ANALYSIS = YES;
				CLANG_WARN_STRICT_PROTOTYPES = YES;
				CLANG_WARN_SUSPICIOUS_MOVE = YES;
				CLANG_WARN_UNGUARDED_AVAILABILITY = YES_AGGRESSIVE;
				CLANG_WARN_UNREACHABLE_CODE = YES;
				CLANG_WARN__DUPLICATE_METHOD_MATCH = YES;
				COPY_PHASE_STRIP = NO;
				DEBUG_INFORMATION_FORMAT = dwarf;
				ENABLE_STRICT_OBJC_MSGSEND = YES;
				ENABLE_TESTABILITY = YES;
				GCC_C_LANGUAGE_STANDARD = gnu11;
				GCC_DYNAMIC_NO_PIC = NO;
				GCC_NO_COMMON_BLOCKS = YES;
				GCC_OPTIMIZATION_LEVEL = 0;
				GCC_PREPROCESSOR_DEFINITIONS = (
					"$(inherited)",
					"DEBUG=1",
				);
				GCC_WARN_64_TO_32_BIT_CONVERSION = YES;
				GCC_WARN_ABOUT_RETURN_TYPE = YES_ERROR;
				GCC_WARN_UNDECLARED_SELECTOR = YES;
				GCC_WARN_UNINITIALIZED_AUTOS = YES_AGGRESSIVE;
				GCC_WARN_UNUSED_FUNCTION = YES;
				GCC_WARN_UNUSED_VARIABLE = YES;
				IPHONEOS_DEPLOYMENT_TARGET = 17.0;
				MTL_ENABLE_DEBUG_INFO = INCLUDE_SOURCE;
				MTL_FAST_MATH = YES;
				ONLY_ACTIVE_ARCH = YES;
				PRODUCT_NAME = "$(TARGET_NAME)";
				SDKROOT = iphoneos;
				SWIFT_ACTIVE_COMPILATION_CONDITIONS = DEBUG;
				SWIFT_OPTIMIZATION_LEVEL = "-Onone";
				SWIFT_VERSION = 5.0;
			};
			name = Debug;
		};
		318672B7375E16C09172B590 /* Release */ = {
			isa = XCBuildConfiguration;
			buildSettings = {
				ALWAYS_SEARCH_USER_PATHS = NO;
				CLANG_ANALYZER_NONNULL = YES;
				CLANG_ANALYZER_NUMBER_OBJECT_CONVERSION = YES_AGGRESSIVE;
				CLANG_CXX_LANGUAGE_STANDARD = "gnu++14";
				CLANG_CXX_LIBRARY = "libc++";
				CLANG_ENABLE_MODULES = YES;
				CLANG_ENABLE_OBJC_ARC = YES;
				CLANG_ENABLE_OBJC_WEAK = YES;
				CLANG_WARN_BLOCK_CAPTURE_AUTORELEASING = YES;
				CLANG_WARN_BOOL_CONVERSION = YES;
				CLANG_WARN_COMMA = YES;
				CLANG_WARN_CONSTANT_CONVERSION = YES;
				CLANG_WARN_DEPRECATED_OBJC_IMPLEMENTATIONS = YES;
				CLANG_WARN_DIRECT_OBJC_ISA_USAGE = YES_ERROR;
				CLANG_WARN_DOCUMENTATION_COMMENTS = YES;
				CLANG_WARN_EMPTY_BODY = YES;
				CLANG_WARN_ENUM_CONVERSION = YES;
				CLANG_WARN_INFINITE_RECURSION = YES;
				CLANG_WARN_INT_CONVERSION = YES;
				CLANG_WARN_NON_LITERAL_NULL_CONVERSION = YES;
				CLANG_WARN_OBJC_IMPLICIT_RETAIN_SELF = YES;
				CLANG_WARN_OBJC_LITERAL_CONVERSION = YES;
				CLANG_WARN_OBJC_ROOT_CLASS = YES_ERROR;
				CLANG_WARN_QUOTED_INCLUDE_IN_FRAMEWORK_HEADER = YES;
				CLANG_WARN_RANGE_LOOP_ANALYSIS = YES;
				CLANG_WARN_STRICT_PROTOTYPES = YES;
				CLANG_WARN_SUSPICIOUS_MOVE = YES;
				CLANG_WARN_UNGUARDED_AVAILABILITY = YES_AGGRESSIVE;
				CLANG_WARN_UNREACHABLE_CODE = YES;
				CLANG_WARN__DUPLICATE_METHOD_MATCH = YES;
				COPY_PHASE_STRIP = NO;
				DEBUG_INFORMATION_FORMAT = "dwarf-with-dsym";
				ENABLE_NS_ASSERTIONS = NO;
				ENABLE_STRICT_OBJC_MSGSEND = YES;
				GCC_C_LANGUAGE_STANDARD = gnu11;
				GCC_NO_COMMON_BLOCKS = YES;
				GCC_WARN_64_TO_32_BIT_CONVERSION = YES;
				GCC_WARN_ABOUT_RETURN_TYPE = YES_ERROR;
				GCC_WARN_UNDECLARED_SELECTOR = YES;
				GCC_WARN_UNINITIALIZED_AUTOS = YES_AGGRESSIVE;
				GCC_WARN_UNUSED_FUNCTION = YES;
				GCC_WARN_UNUSED_VARIABLE = YES;
				IPHONEOS_DEPLOYMENT_TARGET = 17.0;
				MTL_ENABLE_DEBUG_INFO = NO;
				MTL_FAST_MATH = YES;
				PRODUCT_NAME = "$(TARGET_NAME)";
				SDKROOT = iphoneos;
				SWIFT_COMPILATION_MODE = wholemodule;
				SWIFT_OPTIMIZATION_LEVEL = "-O";
				SWIFT_VERSION = 5.0;
			};
			name = Release;
		};
		52B1D7640A5198B2B3AA4DD8 /* Release */ = {
			isa = XCBuildConfiguration;
			buildSettings = {
				ASSETCATALOG_COMPILER_APPICON_NAME = AppIcon;
				CODE_SIGN_IDENTITY = "iPhone Developer";
				CODE_SIGN_STYLE = Automatic;
				DEVELOPMENT_ASSET_PATH = "";
				DEVELOPMENT_TEAM = NY422J2AAW;
				INFOPLIST_FILE = M10App/Info.plist;
				LD_RUNPATH_SEARCH_PATHS = (
					"$(inherited)",
					"@executable_path/Frameworks",
				);
				PRODUCT_BUNDLE_IDENTIFIER = com.glmfunk.M10App;
				SDKROOT = iphoneos;
				SWIFT_VERSION = 6.0;
				TARGETED_DEVICE_FAMILY = 1;
			};
			name = Release;
		};
		75539043F5A3EF62B51C9070 /* Debug */ = {
			isa = XCBuildConfiguration;
			buildSettings = {
				BUNDLE_LOADER = "$(TEST_HOST)";
				DEVELOPMENT_TEAM = NY422J2AAW;
				GENERATE_INFOPLIST_FILE = YES;
				LD_RUNPATH_SEARCH_PATHS = (
					"$(inherited)",
					"@executable_path/Frameworks",
					"@loader_path/Frameworks",
				);
				PRODUCT_BUNDLE_IDENTIFIER = com.glmfunk.M10AppTests;
				SDKROOT = iphoneos;
				TARGETED_DEVICE_FAMILY = "1,2";
				TEST_HOST = "$(BUILT_PRODUCTS_DIR)/M10App.app/M10App";
			};
			name = Debug;
		};
		C42A2D1F99FAF68313037E78 /* Debug */ = {
			isa = XCBuildConfiguration;
			buildSettings = {
				ASSETCATALOG_COMPILER_APPICON_NAME = AppIcon;
				CODE_SIGN_IDENTITY = "iPhone Developer";
				CODE_SIGN_STYLE = Automatic;
				DEVELOPMENT_ASSET_PATH = "";
				DEVELOPMENT_TEAM = NY422J2AAW;
				INFOPLIST_FILE = M10App/Info.plist;
				LD_RUNPATH_SEARCH_PATHS = (
					"$(inherited)",
					"@executable_path/Frameworks",
				);
				PRODUCT_BUNDLE_IDENTIFIER = com.glmfunk.M10App;
				SDKROOT = iphoneos;
				SWIFT_VERSION = 6.0;
				TARGETED_DEVICE_FAMILY = 1;
			};
			name = Debug;
		};
/* End XCBuildConfiguration section */

/* Begin XCConfigurationList section */
		51A9FD83E80522115B2F223E /* Build configuration list for PBXNativeTarget "M10App" */ = {
			isa = XCConfigurationList;
			buildConfigurations = (
				C42A2D1F99FAF68313037E78 /* Debug */,
				52B1D7640A5198B2B3AA4DD8 /* Release */,
			);
			defaultConfigurationIsVisible = 0;
			defaultConfigurationName = Debug;
		};
		B3CB339B687CAC269E2D8A79 /* Build configuration list for PBXProject "M10App" */ = {
			isa = XCConfigurationList;
			buildConfigurations = (
				20F75BF89DDB9E186C9CD849 /* Debug */,
				318672B7375E16C09172B590 /* Release */,
			);
			defaultConfigurationIsVisible = 0;
			defaultConfigurationName = Debug;
		};
		B78EB08A81312A929DDA8D95 /* Build configuration list for PBXNativeTarget "M10AppTests" */ = {
			isa = XCConfigurationList;
			buildConfigurations = (
				75539043F5A3EF62B51C9070 /* Debug */,
				09963F3B8C4B72C52DA4D566 /* Release */,
			);
			defaultConfigurationIsVisible = 0;
			defaultConfigurationName = Debug;
		};
/* End XCConfigurationList section */

/* Begin XCLocalSwiftPackageReference section */
		A91F32DB6B6AAC364D225042 /* XCLocalSwiftPackageReference "../M10Kit" */ = {
			isa = XCLocalSwiftPackageReference;
			relativePath = ../M10Kit;
		};
/* End XCLocalSwiftPackageReference section */

/* Begin XCSwiftPackageProductDependency section */
		CBAAF4EA49EE2163EF8472BD /* M10Kit */ = {
			isa = XCSwiftPackageProductDependency;
			productName = M10Kit;
		};
/* End XCSwiftPackageProductDependency section */
	};
	rootObject = D4BD6937DF089846D57AB5D4 /* Project object */;
}
